
Microsoft Visual Studio Solution File, Format Version 12.00
# Visual Studio 15
VisualStudioVersion = 15.0.27130.2036
MinimumVisualStudioVersion = 10.0.40219.1
Project("{FAE04EC0-301F-11D3-BF4B-00C04F79EFBC}") = "HackerHank03", "HackerHank03\HackerHank03.csproj", "{7C125040-271D-4DF4-B42E-DEC0323ED8D7}"
EndProject
Global
	GlobalSection(SolutionConfigurationPlatforms) = preSolution
		Debug|Any CPU = Debug|Any CPU
		Release|Any CPU = Release|Any CPU
	EndGlobalSection
	GlobalSection(ProjectConfigurationPlatforms) = postSolution
		{7C125040-271D-4DF4-B42E-DEC0323ED8D7}.Debug|Any CPU.ActiveCfg = Debug|Any CPU
		{7C125040-271D-4DF4-B42E-DEC0323ED8D7}.Debug|Any CPU.Build.0 = Debug|Any CPU
		{7C125040-271D-4DF4-B42E-DEC0323ED8D7}.Release|Any CPU.ActiveCfg = Release|Any CPU
		{7C125040-271D-4DF4-B42E-DEC0323ED8D7}.Release|Any CPU.Build.0 = Release|Any CPU
	EndGlobalSection
	GlobalSection(SolutionProperties) = preSolution
		HideSolutionNode = FALSE
	EndGlobalSection
	GlobalSection(ExtensibilityGlobals) = postSolution
		SolutionGuid = {C925AF34-10AB-46B2-8D8F-195B77DE8C72}
	EndGlobalSection
EndGlobal
